
Microsoft Visual Studio Solution File, Format Version 12.00
# Visual Studio 15
VisualStudioVersion = 15.0.28307.572
MinimumVisualStudioVersion = 10.0.40219.1
Project("{FAE04EC0-301F-11D3-BF4B-00C04F79EFBC}") = "Sales.Android", "Sales\Sales.Android\Sales.Android.csproj", "{0AE4B2A1-B424-42FD-A989-7AC6AA0DEC7C}"
EndProject
Project("{FAE04EC0-301F-11D3-BF4B-00C04F79EFBC}") = "Sales.iOS", "Sales\Sales.iOS\Sales.iOS.csproj", "{6A652695-6E36-4807-AAD6-6764918ADBE1}"
EndProject
Project("{FAE04EC0-301F-11D3-BF4B-00C04F79EFBC}") = "Sales", "Sales\Sales\Sales.csproj", "{8FC6FD3B-1D62-4C83-82AE-285938E700B1}"
EndProject
Project("{FAE04EC0-301F-11D3-BF4B-00C04F79EFBC}") = "Sales.Backend", "Sales.Backend\Sales.Backend.csproj", "{36618E1B-A2E6-41B2-8BC7-D97A6AC4A8A2}"
EndProject
Project("{FAE04EC0-301F-11D3-BF4B-00C04F79EFBC}") = "Sales.API", "Sales.API\Sales.API.csproj", "{4E57F07D-14E9-48C5-BC40-D7685C9CB69B}"
EndProject
Project("{FAE04EC0-301F-11D3-BF4B-00C04F79EFBC}") = "Sales.Domain", "Sales.Domain\Sales.Domain.csproj", "{A4A61B47-28B5-47AB-9B10-426CB48F4994}"
EndProject
Project("{FAE04EC0-301F-11D3-BF4B-00C04F79EFBC}") = "Sales.Common", "Sales.Common\Sales.Common.csproj", "{28D35599-4E03-4D88-AF38-5B9843B7595E}"
EndProject
Global
	GlobalSection(SolutionConfigurationPlatforms) = preSolution
		Ad-Hoc|Any CPU = Ad-Hoc|Any CPU
		Ad-Hoc|iPhone = Ad-Hoc|iPhone
		Ad-Hoc|iPhoneSimulator = Ad-Hoc|iPhoneSimulator
		AppStore|Any CPU = AppStore|Any CPU
		AppStore|iPhone = AppStore|iPhone
		AppStore|iPhoneSimulator = AppStore|iPhoneSimulator
		Debug|Any CPU = Debug|Any CPU
		Debug|iPhone = Debug|iPhone
		Debug|iPhoneSimulator = Debug|iPhoneSimulator
		Release|Any CPU = Release|Any CPU
		Release|iPhone = Release|iPhone
		Release|iPhoneSimulator = Release|iPhoneSimulator
	EndGlobalSection
	GlobalSection(ProjectConfigurationPlatforms) = postSolution
		{0AE4B2A1-B424-42FD-A989-7AC6AA0DEC7C}.Ad-Hoc|Any CPU.ActiveCfg = Release|Any CPU
		{0AE4B2A1-B424-42FD-A989-7AC6AA0DEC7C}.Ad-Hoc|Any CPU.Build.0 = Release|Any CPU
		{0AE4B2A1-B424-42FD-A989-7AC6AA0DEC7C}.Ad-Hoc|Any CPU.Deploy.0 = Release|Any CPU
		{0AE4B2A1-B424-42FD-A989-7AC6AA0DEC7C}.Ad-Hoc|iPhone.ActiveCfg = Release|Any CPU
		{0AE4B2A1-B424-42FD-A989-7AC6AA0DEC7C}.Ad-Hoc|iPhone.Build.0 = Release|Any CPU
		{0AE4B2A1-B424-42FD-A989-7AC6AA0DEC7C}.Ad-Hoc|iPhone.Deploy.0 = Release|Any CPU
		{0AE4B2A1-B424-42FD-A989-7AC6AA0DEC7C}.Ad-Hoc|iPhoneSimulator.ActiveCfg = Release|Any CPU
		{0AE4B2A1-B424-42FD-A989-7AC6AA0DEC7C}.Ad-Hoc|iPhoneSimulator.Build.0 = Release|Any CPU
		{0AE4B2A1-B424-42FD-A989-7AC6AA0DEC7C}.Ad-Hoc|iPhoneSimulator.Deploy.0 = Release|Any CPU
		{0AE4B2A1-B424-42FD-A989-7AC6AA0DEC7C}.AppStore|Any CPU.ActiveCfg = Release|Any CPU
		{0AE4B2A1-B424-42FD-A989-7AC6AA0DEC7C}.AppStore|Any CPU.Build.0 = Release|Any CPU
		{0AE4B2A1-B424-42FD-A989-7AC6AA0DEC7C}.AppStore|Any CPU.Deploy.0 = Release|Any CPU
		{0AE4B2A1-B424-42FD-A989-7AC6AA0DEC7C}.AppStore|iPhone.ActiveCfg = Release|Any CPU
		{0AE4B2A1-B424-42FD-A989-7AC6AA0DEC7C}.AppStore|iPhone.Build.0 = Release|Any CPU
		{0AE4B2A1-B424-42FD-A989-7AC6AA0DEC7C}.AppStore|iPhone.Deploy.0 = Release|Any CPU
		{0AE4B2A1-B424-42FD-A989-7AC6AA0DEC7C}.AppStore|iPhoneSimulator.ActiveCfg = Release|Any CPU
		{0AE4B2A1-B424-42FD-A989-7AC6AA0DEC7C}.AppStore|iPhoneSimulator.Build.0 = Release|Any CPU
		{0AE4B2A1-B424-42FD-A989-7AC6AA0DEC7C}.AppStore|iPhoneSimulator.Deploy.0 = Release|Any CPU
		{0AE4B2A1-B424-42FD-A989-7AC6AA0DEC7C}.Debug|Any CPU.ActiveCfg = Debug|Any CPU
		{0AE4B2A1-B424-42FD-A989-7AC6AA0DEC7C}.Debug|Any CPU.Build.0 = Debug|Any CPU
		{0AE4B2A1-B424-42FD-A989-7AC6AA0DEC7C}.Debug|Any CPU.Deploy.0 = Debug|Any CPU
		{0AE4B2A1-B424-42FD-A989-7AC6AA0DEC7C}.Debug|iPhone.ActiveCfg = Debug|Any CPU
		{0AE4B2A1-B424-42FD-A989-7AC6AA0DEC7C}.Debug|iPhone.Build.0 = Debug|Any CPU
		{0AE4B2A1-B424-42FD-A989-7AC6AA0DEC7C}.Debug|iPhone.Deploy.0 = Debug|Any CPU
		{0AE4B2A1-B424-42FD-A989-7AC6AA0DEC7C}.Debug|iPhoneSimulator.ActiveCfg = Debug|Any CPU
		{0AE4B2A1-B424-42FD-A989-7AC6AA0DEC7C}.Debug|iPhoneSimulator.Build.0 = Debug|Any CPU
		{0AE4B2A1-B424-42FD-A989-7AC6AA0DEC7C}.Debug|iPhoneSimulator.Deploy.0 = Debug|Any CPU
		{0AE4B2A1-B424-42FD-A989-7AC6AA0DEC7C}.Release|Any CPU.ActiveCfg = Release|Any CPU
		{0AE4B2A1-B424-42FD-A989-7AC6AA0DEC7C}.Release|Any CPU.Build.0 = Release|Any CPU
		{0AE4B2A1-B424-42FD-A989-7AC6AA0DEC7C}.Release|Any CPU.Deploy.0 = Release|Any CPU
		{0AE4B2A1-B424-42FD-A989-7AC6AA0DEC7C}.Release|iPhone.ActiveCfg = Release|Any CPU
		{0AE4B2A1-B424-42FD-A989-7AC6AA0DEC7C}.Release|iPhone.Build.0 = Release|Any CPU
		{0AE4B2A1-B424-42FD-A989-7AC6AA0DEC7C}.Release|iPhone.Deploy.0 = Release|Any CPU
		{0AE4B2A1-B424-42FD-A989-7AC6AA0DEC7C}.Release|iPhoneSimulator.ActiveCfg = Release|Any CPU
		{0AE4B2A1-B424-42FD-A989-7AC6AA0DEC7C}.Release|iPhoneSimulator.Build.0 = Release|Any CPU
		{0AE4B2A1-B424-42FD-A989-7AC6AA0DEC7C}.Release|iPhoneSimulator.Deploy.0 = Release|Any CPU
		{6A652695-6E36-4807-AAD6-6764918ADBE1}.Ad-Hoc|Any CPU.ActiveCfg = Ad-Hoc|iPhone
		{6A652695-6E36-4807-AAD6-6764918ADBE1}.Ad-Hoc|Any CPU.Build.0 = Ad-Hoc|iPhone
		{6A652695-6E36-4807-AAD6-6764918ADBE1}.Ad-Hoc|Any CPU.Deploy.0 = Ad-Hoc|iPhone
		{6A652695-6E36-4807-AAD6-6764918ADBE1}.Ad-Hoc|iPhone.ActiveCfg = Ad-Hoc|iPhone
		{6A652695-6E36-4807-AAD6-6764918ADBE1}.Ad-Hoc|iPhone.Build.0 = Ad-Hoc|iPhone
		{6A652695-6E36-4807-AAD6-6764918ADBE1}.Ad-Hoc|iPhone.Deploy.0 = Ad-Hoc|iPhone
		{6A652695-6E36-4807-AAD6-6764918ADBE1}.Ad-Hoc|iPhoneSimulator.ActiveCfg = Ad-Hoc|iPhoneSimulator
		{6A652695-6E36-4807-AAD6-6764918ADBE1}.Ad-Hoc|iPhoneSimulator.Build.0 = Ad-Hoc|iPhoneSimulator
		{6A652695-6E36-4807-AAD6-6764918ADBE1}.Ad-Hoc|iPhoneSimulator.Deploy.0 = Ad-Hoc|iPhoneSimulator
		{6A652695-6E36-4807-AAD6-6764918ADBE1}.AppStore|Any CPU.ActiveCfg = AppStore|iPhone
		{6A652695-6E36-4807-AAD6-6764918ADBE1}.AppStore|Any CPU.Build.0 = AppStore|iPhone
		{6A652695-6E36-4807-AAD6-6764918ADBE1}.AppStore|Any CPU.Deploy.0 = AppStore|iPhone
		{6A652695-6E36-4807-AAD6-6764918ADBE1}.AppStore|iPhone.ActiveCfg = AppStore|iPhone
		{6A652695-6E36-4807-AAD6-6764918ADBE1}.AppStore|iPhone.Build.0 = AppStore|iPhone
		{6A652695-6E36-4807-AAD6-6764918ADBE1}.AppStore|iPhone.Deploy.0 = AppStore|iPhone
		{6A652695-6E36-4807-AAD6-6764918ADBE1}.AppStore|iPhoneSimulator.ActiveCfg = AppStore|iPhoneSimulator
		{6A652695-6E36-4807-AAD6-6764918ADBE1}.AppStore|iPhoneSimulator.Build.0 = AppStore|iPhoneSimulator
		{6A652695-6E36-4807-AAD6-6764918ADBE1}.AppStore|iPhoneSimulator.Deploy.0 = AppStore|iPhoneSimulator
		{6A652695-6E36-4807-AAD6-6764918ADBE1}.Debug|Any CPU.ActiveCfg = Debug|iPhoneSimulator
		{6A652695-6E36-4807-AAD6-6764918ADBE1}.Debug|Any CPU.Build.0 = Debug|iPhoneSimulator
		{6A652695-6E36-4807-AAD6-6764918ADBE1}.Debug|Any CPU.Deploy.0 = Debug|iPhoneSimulator
		{6A652695-6E36-4807-AAD6-6764918ADBE1}.Debug|iPhone.ActiveCfg = Debug|iPhone
		{6A652695-6E36-4807-AAD6-6764918ADBE1}.Debug|iPhone.Build.0 = Debug|iPhone
		{6A652695-6E36-4807-AAD6-6764918ADBE1}.Debug|iPhone.Deploy.0 = Debug|iPhone
		{6A652695-6E36-4807-AAD6-6764918ADBE1}.Debug|iPhoneSimulator.ActiveCfg = Debug|iPhoneSimulator
		{6A652695-6E36-4807-AAD6-6764918ADBE1}.Debug|iPhoneSimulator.Build.0 = Debug|iPhoneSimulator
		{6A652695-6E36-4807-AAD6-6764918ADBE1}.Debug|iPhoneSimulator.Deploy.0 = Debug|iPhoneSimulator
		{6A652695-6E36-4807-AAD6-6764918ADBE1}.Release|Any CPU.ActiveCfg = Release|iPhone
		{6A652695-6E36-4807-AAD6-6764918ADBE1}.Release|Any CPU.Build.0 = Release|iPhone
		{6A652695-6E36-4807-AAD6-6764918ADBE1}.Release|Any CPU.Deploy.0 = Release|iPhone
		{6A652695-6E36-4807-AAD6-6764918ADBE1}.Release|iPhone.ActiveCfg = Release|iPhone
		{6A652695-6E36-4807-AAD6-6764918ADBE1}.Release|iPhone.Build.0 = Release|iPhone
		{6A652695-6E36-4807-AAD6-6764918ADBE1}.Release|iPhone.Deploy.0 = Release|iPhone
		{6A652695-6E36-4807-AAD6-6764918ADBE1}.Release|iPhoneSimulator.ActiveCfg = Release|iPhoneSimulator
		{6A652695-6E36-4807-AAD6-6764918ADBE1}.Release|iPhoneSimulator.Build.0 = Release|iPhoneSimulator
		{6A652695-6E36-4807-AAD6-6764918ADBE1}.Release|iPhoneSimulator.Deploy.0 = Release|iPhoneSimulator
		{8FC6FD3B-1D62-4C83-82AE-285938E700B1}.Ad-Hoc|Any CPU.ActiveCfg = Debug|Any CPU
		{8FC6FD3B-1D62-4C83-82AE-285938E700B1}.Ad-Hoc|Any CPU.Build.0 = Debug|Any CPU
		{8FC6FD3B-1D62-4C83-82AE-285938E700B1}.Ad-Hoc|Any CPU.Deploy.0 = Debug|Any CPU
		{8FC6FD3B-1D62-4C83-82AE-285938E700B1}.Ad-Hoc|iPhone.ActiveCfg = Debug|Any CPU
		{8FC6FD3B-1D62-4C83-82AE-285938E700B1}.Ad-Hoc|iPhone.Build.0 = Debug|Any CPU
		{8FC6FD3B-1D62-4C83-82AE-285938E700B1}.Ad-Hoc|iPhone.Deploy.0 = Debug|Any CPU
		{8FC6FD3B-1D62-4C83-82AE-285938E700B1}.Ad-Hoc|iPhoneSimulator.ActiveCfg = Debug|Any CPU
		{8FC6FD3B-1D62-4C83-82AE-285938E700B1}.Ad-Hoc|iPhoneSimulator.Build.0 = Debug|Any CPU
		{8FC6FD3B-1D62-4C83-82AE-285938E700B1}.Ad-Hoc|iPhoneSimulator.Deploy.0 = Debug|Any CPU
		{8FC6FD3B-1D62-4C83-82AE-285938E700B1}.AppStore|Any CPU.ActiveCfg = Debug|Any CPU
		{8FC6FD3B-1D62-4C83-82AE-285938E700B1}.AppStore|Any CPU.Build.0 = Debug|Any CPU
		{8FC6FD3B-1D62-4C83-82AE-285938E700B1}.AppStore|Any CPU.Deploy.0 = Debug|Any CPU
		{8FC6FD3B-1D62-4C83-82AE-285938E700B1}.AppStore|iPhone.ActiveCfg = Debug|Any CPU
		{8FC6FD3B-1D62-4C83-82AE-285938E700B1}.AppStore|iPhone.Build.0 = Debug|Any CPU
		{8FC6FD3B-1D62-4C83-82AE-285938E700B1}.AppStore|iPhone.Deploy.0 = Debug|Any CPU
		{8FC6FD3B-1D62-4C83-82AE-285938E700B1}.AppStore|iPhoneSimulator.ActiveCfg = Debug|Any CPU
		{8FC6FD3B-1D62-4C83-82AE-285938E700B1}.AppStore|iPhoneSimulator.Build.0 = Debug|Any CPU
		{8FC6FD3B-1D62-4C83-82AE-285938E700B1}.AppStore|iPhoneSimulator.Deploy.0 = Debug|Any CPU
		{8FC6FD3B-1D62-4C83-82AE-285938E700B1}.Debug|Any CPU.ActiveCfg = Debug|Any CPU
		{8FC6FD3B-1D62-4C83-82AE-285938E700B1}.Debug|Any CPU.Build.0 = Debug|Any CPU
		{8FC6FD3B-1D62-4C83-82AE-285938E700B1}.Debug|Any CPU.Deploy.0 = Debug|Any CPU
		{8FC6FD3B-1D62-4C83-82AE-285938E700B1}.Debug|iPhone.ActiveCfg = Debug|Any CPU
		{8FC6FD3B-1D62-4C83-82AE-285938E700B1}.Debug|iPhone.Build.0 = Debug|Any CPU
		{8FC6FD3B-1D62-4C83-82AE-285938E700B1}.Debug|iPhone.Deploy.0 = Debug|Any CPU
		{8FC6FD3B-1D62-4C83-82AE-285938E700B1}.Debug|iPhoneSimulator.ActiveCfg = Debug|Any CPU
		{8FC6FD3B-1D62-4C83-82AE-285938E700B1}.Debug|iPhoneSimulator.Build.0 = Debug|Any CPU
		{8FC6FD3B-1D62-4C83-82AE-285938E700B1}.Debug|iPhoneSimulator.Deploy.0 = Debug|Any CPU
		{8FC6FD3B-1D62-4C83-82AE-285938E700B1}.Release|Any CPU.ActiveCfg = Release|Any CPU
		{8FC6FD3B-1D62-4C83-82AE-285938E700B1}.Release|Any CPU.Build.0 = Release|Any CPU
		{8FC6FD3B-1D62-4C83-82AE-285938E700B1}.Release|Any CPU.Deploy.0 = Release|Any CPU
		{8FC6FD3B-1D62-4C83-82AE-285938E700B1}.Release|iPhone.ActiveCfg = Release|Any CPU
		{8FC6FD3B-1D62-4C83-82AE-285938E700B1}.Release|iPhone.Build.0 = Release|Any CPU
		{8FC6FD3B-1D62-4C83-82AE-285938E700B1}.Release|iPhone.Deploy.0 = Release|Any CPU
		{8FC6FD3B-1D62-4C83-82AE-285938E700B1}.Release|iPhoneSimulator.ActiveCfg = Release|Any CPU
		{8FC6FD3B-1D62-4C83-82AE-285938E700B1}.Release|iPhoneSimulator.Build.0 = Release|Any CPU
		{8FC6FD3B-1D62-4C83-82AE-285938E700B1}.Release|iPhoneSimulator.Deploy.0 = Release|Any CPU
		{36618E1B-A2E6-41B2-8BC7-D97A6AC4A8A2}.Ad-Hoc|Any CPU.ActiveCfg = Release|Any CPU
		{36618E1B-A2E6-41B2-8BC7-D97A6AC4A8A2}.Ad-Hoc|Any CPU.Build.0 = Release|Any CPU
		{36618E1B-A2E6-41B2-8BC7-D97A6AC4A8A2}.Ad-Hoc|iPhone.ActiveCfg = Release|Any CPU
		{36618E1B-A2E6-41B2-8BC7-D97A6AC4A8A2}.Ad-Hoc|iPhone.Build.0 = Release|Any CPU
		{36618E1B-A2E6-41B2-8BC7-D97A6AC4A8A2}.Ad-Hoc|iPhoneSimulator.ActiveCfg = Release|Any CPU
		{36618E1B-A2E6-41B2-8BC7-D97A6AC4A8A2}.Ad-Hoc|iPhoneSimulator.Build.0 = Release|Any CPU
		{36618E1B-A2E6-41B2-8BC7-D97A6AC4A8A2}.AppStore|Any CPU.ActiveCfg = Release|Any CPU
		{36618E1B-A2E6-41B2-8BC7-D97A6AC4A8A2}.AppStore|Any CPU.Build.0 = Release|Any CPU
		{36618E1B-A2E6-41B2-8BC7-D97A6AC4A8A2}.AppStore|iPhone.ActiveCfg = Release|Any CPU
		{36618E1B-A2E6-41B2-8BC7-D97A6AC4A8A2}.AppStore|iPhone.Build.0 = Release|Any CPU
		{36618E1B-A2E6-41B2-8BC7-D97A6AC4A8A2}.AppStore|iPhoneSimulator.ActiveCfg = Release|Any CPU
		{36618E1B-A2E6-41B2-8BC7-D97A6AC4A8A2}.AppStore|iPhoneSimulator.Build.0 = Release|Any CPU
		{36618E1B-A2E6-41B2-8BC7-D97A6AC4A8A2}.Debug|Any CPU.ActiveCfg = Debug|Any CPU
		{36618E1B-A2E6-41B2-8BC7-D97A6AC4A8A2}.Debug|Any CPU.Build.0 = Debug|Any CPU
		{36618E1B-A2E6-41B2-8BC7-D97A6AC4A8A2}.Debug|iPhone.ActiveCfg = Debug|Any CPU
		{36618E1B-A2E6-41B2-8BC7-D97A6AC4A8A2}.Debug|iPhone.Build.0 = Debug|Any CPU
		{36618E1B-A2E6-41B2-8BC7-D97A6AC4A8A2}.Debug|iPhoneSimulator.ActiveCfg = Debug|Any CPU
		{36618E1B-A2E6-41B2-8BC7-D97A6AC4A8A2}.Debug|iPhoneSimulator.Build.0 = Debug|Any CPU
		{36618E1B-A2E6-41B2-8BC7-D97A6AC4A8A2}.Release|Any CPU.ActiveCfg = Release|Any CPU
		{36618E1B-A2E6-41B2-8BC7-D97A6AC4A8A2}.Release|Any CPU.Build.0 = Release|Any CPU
		{36618E1B-A2E6-41B2-8BC7-D97A6AC4A8A2}.Release|iPhone.ActiveCfg = Release|Any CPU
		{36618E1B-A2E6-41B2-8BC7-D97A6AC4A8A2}.Release|iPhone.Build.0 = Release|Any CPU
		{36618E1B-A2E6-41B2-8BC7-D97A6AC4A8A2}.Release|iPhoneSimulator.ActiveCfg = Release|Any CPU
		{36618E1B-A2E6-41B2-8BC7-D97A6AC4A8A2}.Release|iPhoneSimulator.Build.0 = Release|Any CPU
		{4E57F07D-14E9-48C5-BC40-D7685C9CB69B}.Ad-Hoc|Any CPU.ActiveCfg = Release|Any CPU
		{4E57F07D-14E9-48C5-BC40-D7685C9CB69B}.Ad-Hoc|Any CPU.Build.0 = Release|Any CPU
		{4E57F07D-14E9-48C5-BC40-D7685C9CB69B}.Ad-Hoc|iPhone.ActiveCfg = Release|Any CPU
		{4E57F07D-14E9-48C5-BC40-D7685C9CB69B}.Ad-Hoc|iPhone.Build.0 = Release|Any CPU
		{4E57F07D-14E9-48C5-BC40-D7685C9CB69B}.Ad-Hoc|iPhoneSimulator.ActiveCfg = Release|Any CPU
		{4E57F07D-14E9-48C5-BC40-D7685C9CB69B}.Ad-Hoc|iPhoneSimulator.Build.0 = Release|Any CPU
		{4E57F07D-14E9-48C5-BC40-D7685C9CB69B}.AppStore|Any CPU.ActiveCfg = Release|Any CPU
		{4E57F07D-14E9-48C5-BC40-D7685C9CB69B}.AppStore|Any CPU.Build.0 = Release|Any CPU
		{4E57F07D-14E9-48C5-BC40-D7685C9CB69B}.AppStore|iPhone.ActiveCfg = Release|Any CPU
		{4E57F07D-14E9-48C5-BC40-D7685C9CB69B}.AppStore|iPhone.Build.0 = Release|Any CPU
		{4E57F07D-14E9-48C5-BC40-D7685C9CB69B}.AppStore|iPhoneSimulator.ActiveCfg = Release|Any CPU
		{4E57F07D-14E9-48C5-BC40-D7685C9CB69B}.AppStore|iPhoneSimulator.Build.0 = Release|Any CPU
		{4E57F07D-14E9-48C5-BC40-D7685C9CB69B}.Debug|Any CPU.ActiveCfg = Debug|Any CPU
		{4E57F07D-14E9-48C5-BC40-D7685C9CB69B}.Debug|Any CPU.Build.0 = Debug|Any CPU
		{4E57F07D-14E9-48C5-BC40-D7685C9CB69B}.Debug|iPhone.ActiveCfg = Debug|Any CPU
		{4E57F07D-14E9-48C5-BC40-D7685C9CB69B}.Debug|iPhone.Build.0 = Debug|Any CPU
		{4E57F07D-14E9-48C5-BC40-D7685C9CB69B}.Debug|iPhoneSimulator.ActiveCfg = Debug|Any CPU
		{4E57F07D-14E9-48C5-BC40-D7685C9CB69B}.Debug|iPhoneSimulator.Build.0 = Debug|Any CPU
		{4E57F07D-14E9-48C5-BC40-D7685C9CB69B}.Release|Any CPU.ActiveCfg = Release|Any CPU
		{4E57F07D-14E9-48C5-BC40-D7685C9CB69B}.Release|Any CPU.Build.0 = Release|Any CPU
		{4E57F07D-14E9-48C5-BC40-D7685C9CB69B}.Release|iPhone.ActiveCfg = Release|Any CPU
		{4E57F07D-14E9-48C5-BC40-D7685C9CB69B}.Release|iPhone.Build.0 = Release|Any CPU
		{4E57F07D-14E9-48C5-BC40-D7685C9CB69B}.Release|iPhoneSimulator.ActiveCfg = Release|Any CPU
		{4E57F07D-14E9-48C5-BC40-D7685C9CB69B}.Release|iPhoneSimulator.Build.0 = Release|Any CPU
		{A4A61B47-28B5-47AB-9B10-426CB48F4994}.Ad-Hoc|Any CPU.ActiveCfg = Release|Any CPU
		{A4A61B47-28B5-47AB-9B10-426CB48F4994}.Ad-Hoc|Any CPU.Build.0 = Release|Any CPU
		{A4A61B47-28B5-47AB-9B10-426CB48F4994}.Ad-Hoc|iPhone.ActiveCfg = Release|Any CPU
		{A4A61B47-28B5-47AB-9B10-426CB48F4994}.Ad-Hoc|iPhone.Build.0 = Release|Any CPU
		{A4A61B47-28B5-47AB-9B10-426CB48F4994}.Ad-Hoc|iPhoneSimulator.ActiveCfg = Release|Any CPU
		{A4A61B47-28B5-47AB-9B10-426CB48F4994}.Ad-Hoc|iPhoneSimulator.Build.0 = Release|Any CPU
		{A4A61B47-28B5-47AB-9B10-426CB48F4994}.AppStore|Any CPU.ActiveCfg = Release|Any CPU
		{A4A61B47-28B5-47AB-9B10-426CB48F4994}.AppStore|Any CPU.Build.0 = Release|Any CPU
		{A4A61B47-28B5-47AB-9B10-426CB48F4994}.AppStore|iPhone.ActiveCfg = Release|Any CPU
		{A4A61B47-28B5-47AB-9B10-426CB48F4994}.AppStore|iPhone.Build.0 = Release|Any CPU
		{A4A61B47-28B5-47AB-9B10-426CB48F4994}.AppStore|iPhoneSimulator.ActiveCfg = Release|Any CPU
		{A4A61B47-28B5-47AB-9B10-426CB48F4994}.AppStore|iPhoneSimulator.Build.0 = Release|Any CPU
		{A4A61B47-28B5-47AB-9B10-426CB48F4994}.Debug|Any CPU.ActiveCfg = Debug|Any CPU
		{A4A61B47-28B5-47AB-9B10-426CB48F4994}.Debug|Any CPU.Build.0 = Debug|Any CPU
		{A4A61B47-28B5-47AB-9B10-426CB48F4994}.Debug|iPhone.ActiveCfg = Debug|Any CPU
		{A4A61B47-28B5-47AB-9B10-426CB48F4994}.Debug|iPhone.Build.0 = Debug|Any CPU
		{A4A61B47-28B5-47AB-9B10-426CB48F4994}.Debug|iPhoneSimulator.ActiveCfg = Debug|Any CPU
		{A4A61B47-28B5-47AB-9B10-426CB48F4994}.Debug|iPhoneSimulator.Build.0 = Debug|Any CPU
		{A4A61B47-28B5-47AB-9B10-426CB48F4994}.Release|Any CPU.ActiveCfg = Release|Any CPU
		{A4A61B47-28B5-47AB-9B10-426CB48F4994}.Release|Any CPU.Build.0 = Release|Any CPU
		{A4A61B47-28B5-47AB-9B10-426CB48F4994}.Release|iPhone.ActiveCfg = Release|Any CPU
		{A4A61B47-28B5-47AB-9B10-426CB48F4994}.Release|iPhone.Build.0 = Release|Any CPU
		{A4A61B47-28B5-47AB-9B10-426CB48F4994}.Release|iPhoneSimulator.ActiveCfg = Release|Any CPU
		{A4A61B47-28B5-47AB-9B10-426CB48F4994}.Release|iPhoneSimulator.Build.0 = Release|Any CPU
		{28D35599-4E03-4D88-AF38-5B9843B7595E}.Ad-Hoc|Any CPU.ActiveCfg = Release|Any CPU
		{28D35599-4E03-4D88-AF38-5B9843B7595E}.Ad-Hoc|Any CPU.Build.0 = Release|Any CPU
		{28D35599-4E03-4D88-AF38-5B9843B7595E}.Ad-Hoc|iPhone.ActiveCfg = Release|Any CPU
		{28D35599-4E03-4D88-AF38-5B9843B7595E}.Ad-Hoc|iPhone.Build.0 = Release|Any CPU
		{28D35599-4E03-4D88-AF38-5B9843B7595E}.Ad-Hoc|iPhoneSimulator.ActiveCfg = Release|Any CPU
		{28D35599-4E03-4D88-AF38-5B9843B7595E}.Ad-Hoc|iPhoneSimulator.Build.0 = Release|Any CPU
		{28D35599-4E03-4D88-AF38-5B9843B7595E}.AppStore|Any CPU.ActiveCfg = Release|Any CPU
		{28D35599-4E03-4D88-AF38-5B9843B7595E}.AppStore|Any CPU.Build.0 = Release|Any CPU
		{28D35599-4E03-4D88-AF38-5B9843B7595E}.AppStore|iPhone.ActiveCfg = Release|Any CPU
		{28D35599-4E03-4D88-AF38-5B9843B7595E}.AppStore|iPhone.Build.0 = Release|Any CPU
		{28D35599-4E03-4D88-AF38-5B9843B7595E}.AppStore|iPhoneSimulator.ActiveCfg = Release|Any CPU
		{28D35599-4E03-4D88-AF38-5B9843B7595E}.AppStore|iPhoneSimulator.Build.0 = Release|Any CPU
		{28D35599-4E03-4D88-AF38-5B9843B7595E}.Debug|Any CPU.ActiveCfg = Debug|Any CPU
		{28D35599-4E03-4D88-AF38-5B9843B7595E}.Debug|Any CPU.Build.0 = Debug|Any CPU
		{28D35599-4E03-4D88-AF38-5B9843B7595E}.Debug|iPhone.ActiveCfg = Debug|Any CPU
		{28D35599-4E03-4D88-AF38-5B9843B7595E}.Debug|iPhone.Build.0 = Debug|Any CPU
		{28D35599-4E03-4D88-AF38-5B9843B7595E}.Debug|iPhoneSimulator.ActiveCfg = Debug|Any CPU
		{28D35599-4E03-4D88-AF38-5B9843B7595E}.Debug|iPhoneSimulator.Build.0 = Debug|Any CPU
		{28D35599-4E03-4D88-AF38-5B9843B7595E}.Release|Any CPU.ActiveCfg = Release|Any CPU
		{28D35599-4E03-4D88-AF38-5B9843B7595E}.Release|Any CPU.Build.0 = Release|Any CPU
		{28D35599-4E03-4D88-AF38-5B9843B7595E}.Release|iPhone.ActiveCfg = Release|Any CPU
		{28D35599-4E03-4D88-AF38-5B9843B7595E}.Release|iPhone.Build.0 = Release|Any CPU
		{28D35599-4E03-4D88-AF38-5B9843B7595E}.Release|iPhoneSimulator.ActiveCfg = Release|Any CPU
		{28D35599-4E03-4D88-AF38-5B9843B7595E}.Release|iPhoneSimulator.Build.0 = Release|Any CPU
	EndGlobalSection
	GlobalSection(SolutionProperties) = preSolution
		HideSolutionNode = FALSE
	EndGlobalSection
	GlobalSection(ExtensibilityGlobals) = postSolution
		SolutionGuid = {69E1F00E-F937-440B-8CF2-982ED1C2C27E}
	EndGlobalSection
EndGlobal
